// !$*UTF8*$!
{
	archiveVersion = 1;
	classes = {
	};
	objectVersion = 46;
	objects = {

/* Begin PBXBuildFile section */
		96411E681A77CE370085926B /* AppDelegate.swift in Sources */ = {isa = PBXBuildFile; fileRef = 96411E671A77CE370085926B /* AppDelegate.swift */; };
		96411E6A1A77CE370085926B /* ViewController.swift in Sources */ = {isa = PBXBuildFile; fileRef = 96411E691A77CE370085926B /* ViewController.swift */; };
		96411E6D1A77CE370085926B /* Main.storyboard in Resources */ = {isa = PBXBuildFile; fileRef = 96411E6B1A77CE370085926B /* Main.storyboard */; };
		96411E6F1A77CE370085926B /* Images.xcassets in Resources */ = {isa = PBXBuildFile; fileRef = 96411E6E1A77CE370085926B /* Images.xcassets */; };
		96411E721A77CE370085926B /* LaunchScreen.xib in Resources */ = {isa = PBXBuildFile; fileRef = 96411E701A77CE370085926B /* LaunchScreen.xib */; };
		96411E7E1A77CE370085926B /* TransitionsDemoTests.swift in Sources */ = {isa = PBXBuildFile; fileRef = 96411E7D1A77CE370085926B /* TransitionsDemoTests.swift */; };
/* End PBXBuildFile section */

/* Begin PBXContainerItemProxy section */
		96411E781A77CE370085926B /* PBXContainerItemProxy */ = {
			isa = PBXContainerItemProxy;
			containerPortal = 96411E5A1A77CE370085926B /* Project object */;
			proxyType = 1;
			remoteGlobalIDString = 96411E611A77CE370085926B;
			remoteInfo = TransitionsDemo;
		};
/* End PBXContainerItemProxy section */

/* Begin PBXFileReference section */
		96411E621A77CE370085926B /* TransitionsDemo.app */ = {isa = PBXFileReference; explicitFileType = wrapper.application; includeInIndex = 0; path = TransitionsDemo.app; sourceTree = BUILT_PRODUCTS_DIR; };
		96411E661A77CE370085926B /* Info.plist */ = {isa = PBXFileReference; lastKnownFileType = text.plist.xml; path = Info.plist; sourceTree = "<group>"; };
		96411E671A77CE370085926B /* AppDelegate.swift */ = {isa = PBXFileReference; lastKnownFileType = sourcecode.swift; path = AppDelegate.swift; sourceTree = "<group>"; };
		96411E691A77CE370085926B /* ViewController.swift */ = {isa = PBXFileReference; lastKnownFileType = sourcecode.swift; path = ViewController.swift; sourceTree = "<group>"; };
		96411E6C1A77CE370085926B /* Base */ = {isa = PBXFileReference; lastKnownFileType = file.storyboard; name = Base; path = Base.lproj/Main.storyboard; sourceTree = "<group>"; };
		96411E6E1A77CE370085926B /* Images.xcassets */ = {isa = PBXFileReference; lastKnownFileType = folder.assetcatalog; path = Images.xcassets; sourceTree = "<group>"; };
		96411E711A77CE370085926B /* Base */ = {isa = PBXFileReference; lastKnownFileType = file.xib; name = Base; path = Base.lproj/LaunchScreen.xib; sourceTree = "<group>"; };
		96411E771A77CE370085926B /* TransitionsDemoTests.xctest */ = {isa = PBXFileReference; explicitFileType = wrapper.cfbundle; includeInIndex = 0; path = TransitionsDemoTests.xctest; sourceTree = BUILT_PRODUCTS_DIR; };
		96411E7C1A77CE370085926B /* Info.plist */ = {isa = PBXFileReference; lastKnownFileType = text.plist.xml; path = Info.plist; sourceTree = "<group>"; };
		96411E7D1A77CE370085926B /* TransitionsDemoTests.swift */ = {isa = PBXFileReference; lastKnownFileType = sourcecode.swift; path = TransitionsDemoTests.swift; sourceTree = "<group>"; };
/* End PBXFileReference section */

/* Begin PBXFrameworksBuildPhase section */
		96411E5F1A77CE370085926B /* Frameworks */ = {
			isa = PBXFrameworksBuildPhase;
			buildActionMask = 2147483647;
			files = (
			);
			runOnlyForDeploymentPostprocessing = 0;
		};
		96411E741A77CE370085926B /* Frameworks */ = {
			isa = PBXFrameworksBuildPhase;
			buildActionMask = 2147483647;
			files = (
			);
			runOnlyForDeploymentPostprocessing = 0;
		};
/* End PBXFrameworksBuildPhase section */

/* Begin PBXGroup section */
		96411E591A77CE370085926B = {
			isa = PBXGroup;
			children = (
				96411E641A77CE370085926B /* TransitionsDemo */,
				96411E7A1A77CE370085926B /* TransitionsDemoTests */,
				96411E631A77CE370085926B /* Products */,
			);
			sourceTree = "<group>";
		};
		96411E631A77CE370085926B /* Products */ = {
			isa = PBXGroup;
			children = (
				96411E621A77CE370085926B /* TransitionsDemo.app */,
				96411E771A77CE370085926B /* TransitionsDemoTests.xctest */,
			);
			name = Products;
			sourceTree = "<group>";
		};
		96411E641A77CE370085926B /* TransitionsDemo */ = {
			isa = PBXGroup;
			children = (
				96411E671A77CE370085926B /* AppDelegate.swift */,
				96411E691A77CE370085926B /* ViewController.swift */,
				96411E6B1A77CE370085926B /* Main.storyboard */,
				96411E6E1A77CE370085926B /* Images.xcassets */,
				96411E701A77CE370085926B /* LaunchScreen.xib */,
				96411E651A77CE370085926B /* Supporting Files */,
			);
			path = TransitionsDemo;
			sourceTree = "<group>";
		};
		96411E651A77CE370085926B /* Supporting Files */ = {
			isa = PBXGroup;
			children = (
				96411E661A77CE370085926B /* Info.plist */,
			);
			name = "Supporting Files";
			sourceTree = "<group>";
		};
		96411E7A1A77CE370085926B /* TransitionsDemoTests */ = {
			isa = PBXGroup;
			children = (
				96411E7D1A77CE370085926B /* TransitionsDemoTests.swift */,
				96411E7B1A77CE370085926B /* Supporting Files */,
			);
			path = TransitionsDemoTests;
			sourceTree = "<group>";
		};
		96411E7B1A77CE370085926B /* Supporting Files */ = {
			isa = PBXGroup;
			children = (
				96411E7C1A77CE370085926B /* Info.plist */,
			);
			name = "Supporting Files";
			sourceTree = "<group>";
		};
/* End PBXGroup section */

/* Begin PBXNativeTarget section */
		96411E611A77CE370085926B /* TransitionsDemo */ = {
			isa = PBXNativeTarget;
			buildConfigurationList = 96411E811A77CE370085926B /* Build configuration list for PBXNativeTarget "TransitionsDemo" */;
			buildPhases = (
				96411E5E1A77CE370085926B /* Sources */,
				96411E5F1A77CE370085926B /* Frameworks */,
				96411E601A77CE370085926B /* Resources */,
			);
			buildRules = (
			);
			dependencies = (
			);
			name = TransitionsDemo;
			productName = TransitionsDemo;
			productReference = 96411E621A77CE370085926B /* TransitionsDemo.app */;
			productType = "com.apple.product-type.application";
		};
		96411E761A77CE370085926B /* TransitionsDemoTests */ = {
			isa = PBXNativeTarget;
			buildConfigurationList = 96411E841A77CE370085926B /* Build configuration list for PBXNativeTarget "TransitionsDemoTests" */;
			buildPhases = (
				96411E731A77CE370085926B /* Sources */,
				96411E741A77CE370085926B /* Frameworks */,
				96411E751A77CE370085926B /* Resources */,
			);
			buildRules = (
			);
			dependencies = (
				96411E791A77CE370085926B /* PBXTargetDependency */,
			);
			name = TransitionsDemoTests;
			productName = TransitionsDemoTests;
			productReference = 96411E771A77CE370085926B /* TransitionsDemoTests.xctest */;
			productType = "com.apple.product-type.bundle.unit-test";
		};
/* End PBXNativeTarget section */

/* Begin PBXProject section */
		96411E5A1A77CE370085926B /* Project object */ = {
			isa = PBXProject;
			attributes = {
				LastUpgradeCheck = 0610;
				ORGANIZATIONNAME = "Meng To";
				TargetAttributes = {
					96411E611A77CE370085926B = {
						CreatedOnToolsVersion = 6.1.1;
					};
					96411E761A77CE370085926B = {
						CreatedOnToolsVersion = 6.1.1;
						TestTargetID = 96411E611A77CE370085926B;
					};
				};
			};
			buildConfigurationList = 96411E5D1A77CE370085926B /* Build configuration list for PBXProject "TransitionsDemo" */;
			compatibilityVersion = "Xcode 3.2";
			developmentRegion = English;
			hasScannedForEncodings = 0;
			knownRegions = (
				en,
				Base,
			);
			mainGroup = 96411E591A77CE370085926B;
			productRefGroup = 96411E631A77CE370085926B /* Products */;
			projectDirPath = "";
			projectRoot = "";
			targets = (
				96411E611A77CE370085926B /* TransitionsDemo */,
				96411E761A77CE370085926B /* TransitionsDemoTests */,
			);
		};
/* End PBXProject section */

/* Begin PBXResourcesBuildPhase section */
		96411E601A77CE370085926B /* Resources */ = {
			isa = PBXResourcesBuildPhase;
			buildActionMask = 2147483647;
			files = (
				96411E6D1A77CE370085926B /* Main.storyboard in Resources */,
				96411E721A77CE370085926B /* LaunchScreen.xib in Resources */,
				96411E6F1A77CE370085926B /* Images.xcassets in Resources */,
			);
			runOnlyForDeploymentPostprocessing = 0;
		};
		96411E751A77CE370085926B /* Resources */ = {
			isa = PBXResourcesBuildPhase;
			buildActionMask = 2147483647;
			files = (
			);
			runOnlyForDeploymentPostprocessing = 0;
		};
/* End PBXResourcesBuildPhase section */

/* Begin PBXSourcesBuildPhase section */
		96411E5E1A77CE370085926B /* Sources */ = {
			isa = PBXSourcesBuildPhase;
			buildActionMask = 2147483647;
			files = (
				96411E6A1A77CE370085926B /* ViewController.swift in Sources */,
				96411E681A77CE370085926B /* AppDelegate.swift in Sources */,
			);
			runOnlyForDeploymentPostprocessing = 0;
		};
		96411E731A77CE370085926B /* Sources */ = {
			isa = PBXSourcesBuildPhase;
			buildActionMask = 2147483647;
			files = (
				96411E7E1A77CE370085926B /* TransitionsDemoTests.swift in Sources */,
			);
			runOnlyForDeploymentPostprocessing = 0;
		};
/* End PBXSourcesBuildPhase section */

/* Begin PBXTargetDependency section */
		96411E791A77CE370085926B /* PBXTargetDependency */ = {
			isa = PBXTargetDependency;
			target = 96411E611A77CE370085926B /* TransitionsDemo */;
			targetProxy = 96411E781A77CE370085926B /* PBXContainerItemProxy */;
		};
/* End PBXTargetDependency section */

/* Begin PBXVariantGroup section */
		96411E6B1A77CE370085926B /* Main.storyboard */ = {
			isa = PBXVariantGroup;
			children = (
				96411E6C1A77CE370085926B /* Base */,
			);
			name = Main.storyboard;
			sourceTree = "<group>";
		};
		96411E701A77CE370085926B /* LaunchScreen.xib */ = {
			isa = PBXVariantGroup;
			children = (
				96411E711A77CE370085926B /* Base */,
			);
			name = LaunchScreen.xib;
			sourceTree = "<group>";
		};
/* End PBXVariantGroup section */

/* Begin XCBuildConfiguration section */
		96411E7F1A77CE370085926B /* Debug */ = {
			isa = XCBuildConfiguration;
			buildSettings = {
				ALWAYS_SEARCH_USER_PATHS = NO;
				CLANG_CXX_LANGUAGE_STANDARD = "gnu++0x";
				CLANG_CXX_LIBRARY = "libc++";
				CLANG_ENABLE_MODULES = YES;
				CLANG_ENABLE_OBJC_ARC = YES;
				CLANG_WARN_BOOL_CONVERSION = YES;
				CLANG_WARN_CONSTANT_CONVERSION = YES;
				CLANG_WARN_DIRECT_OBJC_ISA_USAGE = YES_ERROR;
				CLANG_WARN_EMPTY_BODY = YES;
				CLANG_WARN_ENUM_CONVERSION = YES;
				CLANG_WARN_INT_CONVERSION = YES;
				CLANG_WARN_OBJC_ROOT_CLASS = YES_ERROR;
				CLANG_WARN_UNREACHABLE_CODE = YES;
				CLANG_WARN__DUPLICATE_METHOD_MATCH = YES;
				"CODE_SIGN_IDENTITY[sdk=iphoneos*]" = "iPhone Developer";
				COPY_PHASE_STRIP = NO;
				ENABLE_STRICT_OBJC_MSGSEND = YES;
				GCC_C_LANGUAGE_STANDARD = gnu99;
				GCC_DYNAMIC_NO_PIC = NO;
				GCC_OPTIMIZATION_LEVEL = 0;
				GCC_PREPROCESSOR_DEFINITIONS = (
					"DEBUG=1",
					"$(inherited)",
				);
				GCC_SYMBOLS_PRIVATE_EXTERN = NO;
				GCC_WARN_64_TO_32_BIT_CONVERSION = YES;
				GCC_WARN_ABOUT_RETURN_TYPE = YES_ERROR;
				GCC_WARN_UNDECLARED_SELECTOR = YES;
				GCC_WARN_UNINITIALIZED_AUTOS = YES_AGGRESSIVE;
				GCC_WARN_UNUSED_FUNCTION = YES;
				GCC_WARN_UNUSED_VARIABLE = YES;
				IPHONEOS_DEPLOYMENT_TARGET = 8.1;
				MTL_ENABLE_DEBUG_INFO = YES;
				ONLY_ACTIVE_ARCH = YES;
				SDKROOT = iphoneos;
				SWIFT_OPTIMIZATION_LEVEL = "-Onone";
			};
			name = Debug;
		};
		96411E801A77CE370085926B /* Release */ = {
			isa = XCBuildConfiguration;
			buildSettings = {
				ALWAYS_SEARCH_USER_PATHS = NO;
				CLANG_CXX_LANGUAGE_STANDARD = "gnu++0x";
				CLANG_CXX_LIBRARY = "libc++";
				CLANG_ENABLE_MODULES = YES;
				CLANG_ENABLE_OBJC_ARC = YES;
				CLANG_WARN_BOOL_CONVERSION = YES;
				CLANG_WARN_CONSTANT_CONVERSION = YES;
				CLANG_WARN_DIRECT_OBJC_ISA_USAGE = YES_ERROR;
				CLANG_WARN_EMPTY_BODY = YES;
				CLANG_WARN_ENUM_CONVERSION = YES;
				CLANG_WARN_INT_CONVERSION = YES;
				CLANG_WARN_OBJC_ROOT_CLASS = YES_ERROR;
				CLANG_WARN_UNREACHABLE_CODE = YES;
				CLANG_WARN__DUPLICATE_METHOD_MATCH = YES;
				"CODE_SIGN_IDENTITY[sdk=iphoneos*]" = "iPhone Developer";
				COPY_PHASE_STRIP = YES;
				ENABLE_NS_ASSERTIONS = NO;
				ENABLE_STRICT_OBJC_MSGSEND = YES;
				GCC_C_LANGUAGE_STANDARD = gnu99;
				GCC_WARN_64_TO_32_BIT_CONVERSION = YES;
				GCC_WARN_ABOUT_RETURN_TYPE = YES_ERROR;
				GCC_WARN_UNDECLARED_SELECTOR = YES;
				GCC_WARN_UNINITIALIZED_AUTOS = YES_AGGRESSIVE;
				GCC_WARN_UNUSED_FUNCTION = YES;
				GCC_WARN_UNUSED_VARIABLE = YES;
				IPHONEOS_DEPLOYMENT_TARGET = 8.1;
				MTL_ENABLE_DEBUG_INFO = NO;
				SDKROOT = iphoneos;
				VALIDATE_PRODUCT = YES;
			};
			name = Release;
		};
		96411E821A77CE370085926B /* Debug */ = {
			isa = XCBuildConfiguration;
			buildSettings = {
				ASSETCATALOG_COMPILER_APPICON_NAME = AppIcon;
				INFOPLIST_FILE = TransitionsDemo/Info.plist;
				LD_RUNPATH_SEARCH_PATHS = "$(inherited) @executable_path/Frameworks";
				PRODUCT_NAME = "$(TARGET_NAME)";
			};
			name = Debug;
		};
		96411E831A77CE370085926B /* Release */ = {
			isa = XCBuildConfiguration;
			buildSettings = {
				ASSETCATALOG_COMPILER_APPICON_NAME = AppIcon;
				INFOPLIST_FILE = TransitionsDemo/Info.plist;
				LD_RUNPATH_SEARCH_PATHS = "$(inherited) @executable_path/Frameworks";
				PRODUCT_NAME = "$(TARGET_NAME)";
			};
			name = Release;
		};
		96411E851A77CE370085926B /* Debug */ = {
			isa = XCBuildConfiguration;
			buildSettings = {
				BUNDLE_LOADER = "$(TEST_HOST)";
				FRAMEWORK_SEARCH_PATHS = (
					"$(SDKROOT)/Developer/Library/Frameworks",
					"$(inherited)",
				);
				GCC_PREPROCESSOR_DEFINITIONS = (
					"DEBUG=1",
					"$(inherited)",
				);
				INFOPLIST_FILE = TransitionsDemoTests/Info.plist;
				LD_RUNPATH_SEARCH_PATHS = "$(inherited) @executable_path/Frameworks @loader_path/Frameworks";
				PRODUCT_NAME = "$(TARGET_NAME)";
				TEST_HOST = "$(BUILT_PRODUCTS_DIR)/TransitionsDemo.app/TransitionsDemo";
			};
			name = Debug;
		};
		96411E861A77CE370085926B /* Release */ = {
			isa = XCBuildConfiguration;
			buildSettings = {
				BUNDLE_LOADER = "$(TEST_HOST)";
				FRAMEWORK_SEARCH_PATHS = (
					"$(SDKROOT)/Developer/Library/Frameworks",
					"$(inherited)",
				);
				INFOPLIST_FILE = TransitionsDemoTests/Info.plist;
				LD_RUNPATH_SEARCH_PATHS = "$(inherited) @executable_path/Frameworks @loader_path/Frameworks";
				PRODUCT_NAME = "$(TARGET_NAME)";
				TEST_HOST = "$(BUILT_PRODUCTS_DIR)/TransitionsDemo.app/TransitionsDemo";
			};
			name = Release;
		};
/* End XCBuildConfiguration section */

/* Begin XCConfigurationList section */
		96411E5D1A77CE370085926B /* Build configuration list for PBXProject "TransitionsDemo" */ = {
			isa = XCConfigurationList;
			buildConfigurations = (
				96411E7F1A77CE370085926B /* Debug */,
				96411E801A77CE370085926B /* Release */,
			);
			defaultConfigurationIsVisible = 0;
			defaultConfigurationName = Release;
		};
		96411E811A77CE370085926B /* Build configuration list for PBXNativeTarget "TransitionsDemo" */ = {
			isa = XCConfigurationList;
			buildConfigurations = (
				96411E821A77CE370085926B /* Debug */,
				96411E831A77CE370085926B /* Release */,
			);
			defaultConfigurationIsVisible = 0;
			defaultConfigurationName = Release;
		};
		96411E841A77CE370085926B /* Build configuration list for PBXNativeTarget "TransitionsDemoTests" */ = {
			isa = XCConfigurationList;
			buildConfigurations = (
				96411E851A77CE370085926B /* Debug */,
				96411E861A77CE370085926B /* Release */,
			);
			defaultConfigurationIsVisible = 0;
			defaultConfigurationName = Release;
		};
/* End XCConfigurationList section */
	};
	rootObject = 96411E5A1A77CE370085926B /* Project object */;
}
